{
  "name": "rynex-tailwind-demo",
  "version": "1.0.0",
  "lockfileVersion": 3,
  "requires": true,
  "packages": {
    "": {
      "name": "rynex-tailwind-demo",
      "version": "1.0.0",
      "dependencies": {
        "rynex": "file:../.."
      },
      "devDependencies": {
        "@tailwindcss/postcss": "^4.0.0",
        "autoprefixer": "^10.4.20",
        "postcss": "^8.4.49",
        "postcss-cli": "^11.0.1",
        "tailwindcss": "^4.0.0"
      }
    },
    "../..": {
      "name": "rynex",
      "version": "0.1.0-beta.0",
      "license": "Apache-2.0",
      "dependencies": {
        "chalk": "^5.6.2",
        "chokidar": "^4.0.3",
        "commander": "^12.1.0",
        "express": "^5.1.0",
        "ora": "^8.2.0",
        "oxlint": "^0.14.1",
        "pathe": "^1.1.2",
        "rolldown": "1.0.0-beta.44"
      },
      "bin": {
        "rynex": "dist/cli/bin/rynex.js"
      },
      "devDependencies": {
        "@types/express": "^5.0.4",
        "@types/node": "^24.9.1",
        "@vitest/coverage-v8": "^3.2.4",
        "@vitest/ui": "^3.2.4",
        "jsdom": "^25.0.1",
        "typescript": "^5.9.3",
        "vitest": "^3.2.4"
      },
      "engines": {
        "node": ">=22.0.0",
        "pnpm": ">=10.0.0"
      },
      "peerDependencies": {
        "typescript": ">=5.0.0"
      },
      "peerDependenciesMeta": {
        "@tailwindcss/postcss": {
          "optional": true
        },
        "autoprefixer": {
          "optional": true
        },
        "postcss": {
          "optional": true
        },
        "postcss-cli": {
          "optional": true
        },
        "tailwindcss": {
          "optional": true
        }
      }
    },
    "../../node_modules/.pnpm/@tailwindcss+postcss@4.1.16/node_modules/@tailwindcss/postcss": {
      "version": "4.1.16",
      "dev": true,
      "license": "MIT",
      "dependencies": {
        "@alloc/quick-lru": "^5.2.0",
        "@tailwindcss/node": "4.1.16",
        "@tailwindcss/oxide": "4.1.16",
        "postcss": "^8.4.41",
        "tailwindcss": "4.1.16"
      },
      "devDependencies": {
        "@types/node": "^20.19.0",
        "@types/postcss-import": "14.0.3",
        "dedent": "1.7.0",
        "internal-example-plugin": "0.0.0",
        "postcss-import": "^16.1.1"
      }
    },
    "../../node_modules/.pnpm/autoprefixer@10.4.21_postcss@8.5.6/node_modules/autoprefixer": {
      "version": "10.4.21",
      "dev": true,
      "funding": [
        {
          "type": "opencollective",
          "url": "https://opencollective.com/postcss/"
        },
        {
          "type": "tidelift",
          "url": "https://tidelift.com/funding/github/npm/autoprefixer"
        },
        {
          "type": "github",
          "url": "https://github.com/sponsors/ai"
        }
      ],
      "license": "MIT",
      "dependencies": {
        "browserslist": "^4.24.4",
        "caniuse-lite": "^1.0.30001702",
        "fraction.js": "^4.3.7",
        "normalize-range": "^0.1.2",
        "picocolors": "^1.1.1",
        "postcss-value-parser": "^4.2.0"
      },
      "bin": {
        "autoprefixer": "bin/autoprefixer"
      },
      "engines": {
        "node": "^10 || ^12 || >=14"
      },
      "peerDependencies": {
        "postcss": "^8.1.0"
      }
    },
    "../../node_modules/.pnpm/postcss-cli@11.0.1_jiti@2.6.1_postcss@8.5.6/node_modules/postcss-cli": {
      "version": "11.0.1",
      "dev": true,
      "license": "MIT",
      "dependencies": {
        "chokidar": "^3.3.0",
        "dependency-graph": "^1.0.0",
        "fs-extra": "^11.0.0",
        "picocolors": "^1.0.0",
        "postcss-load-config": "^5.0.0",
        "postcss-reporter": "^7.0.0",
        "pretty-hrtime": "^1.0.3",
        "read-cache": "^1.0.0",
        "slash": "^5.0.0",
        "tinyglobby": "^0.2.12",
        "yargs": "^17.0.0"
      },
      "bin": {
        "postcss": "index.js"
      },
      "devDependencies": {
        "ava": "^3.1.0",
        "c8": "^10.0.0",
        "coveralls": "^3.0.0",
        "eslint": "^9.22.0",
        "eslint-config-problems": "9.0.0",
        "globals": "^16.0.0",
        "postcss": "^8.0.4",
        "postcss-import": "^16.0.0",
        "prettier": "~3.5.0",
        "sugarss": "^5.0.0",
        "uuid": "^11.0.0"
      },
      "engines": {
        "node": ">=18"
      },
      "peerDependencies": {
        "postcss": "^8.0.0"
      }
    },
    "../../node_modules/.pnpm/postcss@8.5.6/node_modules/postcss": {
      "version": "8.5.6",
      "dev": true,
      "funding": [
        {
          "type": "opencollective",
          "url": "https://opencollective.com/postcss/"
        },
        {
          "type": "tidelift",
          "url": "https://tidelift.com/funding/github/npm/postcss"
        },
        {
          "type": "github",
          "url": "https://github.com/sponsors/ai"
        }
      ],
      "license": "MIT",
      "dependencies": {
        "nanoid": "^3.3.11",
        "picocolors": "^1.1.1",
        "source-map-js": "^1.2.1"
      },
      "engines": {
        "node": "^10 || ^12 || >=14"
      }
    },
    "../../node_modules/.pnpm/rynex@file+_@tailwindcss+postcss@4.1.16_autoprefixer@10.4.21_postcss@8.5.6__postcss-cli_218a554951b606d57247eb277f916760/node_modules/rynex": {
      "version": "0.1.0-beta.0",
      "extraneous": true,
      "license": "Apache-2.0",
      "dependencies": {
        "chalk": "^5.6.2",
        "chokidar": "^4.0.3",
        "commander": "^12.1.0",
        "express": "^5.1.0",
        "ora": "^8.2.0",
        "oxlint": "^0.14.1",
        "pathe": "^1.1.2",
        "rolldown": "1.0.0-beta.44"
      },
      "bin": {
        "rynex": "dist/cli/bin/rynex.js"
      },
      "devDependencies": {
        "@types/express": "^5.0.4",
        "@types/node": "^24.9.1",
        "@vitest/coverage-v8": "^3.2.4",
        "@vitest/ui": "^3.2.4",
        "jsdom": "^25.0.1",
        "typescript": "^5.9.3",
        "vitest": "^3.2.4"
      },
      "engines": {
        "node": ">=22.0.0",
        "pnpm": ">=10.0.0"
      },
      "peerDependencies": {
        "typescript": ">=5.0.0"
      },
      "peerDependenciesMeta": {
        "@tailwindcss/postcss": {
          "optional": true
        },
        "autoprefixer": {
          "optional": true
        },
        "postcss": {
          "optional": true
        },
        "postcss-cli": {
          "optional": true
        },
        "tailwindcss": {
          "optional": true
        }
      }
    },
    "../../node_modules/.pnpm/tailwindcss@4.1.16/node_modules/tailwindcss": {
      "version": "4.1.16",
      "dev": true,
      "license": "MIT",
      "devDependencies": {
        "@jridgewell/remapping": "^2.3.4",
        "@tailwindcss/oxide": "^4.1.16",
        "@types/node": "^20.19.0",
        "dedent": "1.7.0",
        "lightningcss": "1.30.2",
        "magic-string": "^0.30.19",
        "source-map-js": "^1.2.1"
      }
    },
    "node_modules/@tailwindcss/postcss": {
      "resolved": "../../node_modules/.pnpm/@tailwindcss+postcss@4.1.16/node_modules/@tailwindcss/postcss",
      "link": true
    },
    "node_modules/autoprefixer": {
      "resolved": "../../node_modules/.pnpm/autoprefixer@10.4.21_postcss@8.5.6/node_modules/autoprefixer",
      "link": true
    },
    "node_modules/postcss": {
      "resolved": "../../node_modules/.pnpm/postcss@8.5.6/node_modules/postcss",
      "link": true
    },
    "node_modules/postcss-cli": {
      "resolved": "../../node_modules/.pnpm/postcss-cli@11.0.1_jiti@2.6.1_postcss@8.5.6/node_modules/postcss-cli",
      "link": true
    },
    "node_modules/rynex": {
      "resolved": "../..",
      "link": true
    },
    "node_modules/tailwindcss": {
      "resolved": "../../node_modules/.pnpm/tailwindcss@4.1.16/node_modules/tailwindcss",
      "link": true
    }
  }
}
